
Microsoft Visual Studio Solution File, Format Version 12.00
# Visual Studio Version 16
VisualStudioVersion = 16.0.32228.343
MinimumVisualStudioVersion = 10.0.40219.1
Project("{9A19103F-16F7-4668-BE54-9A1E7A4F7556}") = "AppleBatch", "AppleBatch\AppleBatch.csproj", "{EC795957-8998-4FC8-B246-E663306557B5}"
EndProject
Project("{9A19103F-16F7-4668-BE54-9A1E7A4F7556}") = "AccessModifier", "..\AccessModifier\AccessModifier\AccessModifier.csproj", "{62D06AB3-A86B-4DCC-B0D8-105FF56B5C90}"
EndProject
Global
	GlobalSection(SolutionConfigurationPlatforms) = preSolution
		Debug|Any CPU = Debug|Any CPU
		Release|Any CPU = Release|Any CPU
	EndGlobalSection
	GlobalSection(ProjectConfigurationPlatforms) = postSolution
		{EC795957-8998-4FC8-B246-E663306557B5}.Debug|Any CPU.ActiveCfg = Debug|Any CPU
		{EC795957-8998-4FC8-B246-E663306557B5}.Debug|Any CPU.Build.0 = Debug|Any CPU
		{EC795957-8998-4FC8-B246-E663306557B5}.Release|Any CPU.ActiveCfg = Release|Any CPU
		{EC795957-8998-4FC8-B246-E663306557B5}.Release|Any CPU.Build.0 = Release|Any CPU
		{62D06AB3-A86B-4DCC-B0D8-105FF56B5C90}.Debug|Any CPU.ActiveCfg = Debug|Any CPU
		{62D06AB3-A86B-4DCC-B0D8-105FF56B5C90}.Debug|Any CPU.Build.0 = Debug|Any CPU
		{62D06AB3-A86B-4DCC-B0D8-105FF56B5C90}.Release|Any CPU.ActiveCfg = Release|Any CPU
		{62D06AB3-A86B-4DCC-B0D8-105FF56B5C90}.Release|Any CPU.Build.0 = Release|Any CPU
	EndGlobalSection
	GlobalSection(SolutionProperties) = preSolution
		HideSolutionNode = FALSE
	EndGlobalSection
	GlobalSection(ExtensibilityGlobals) = postSolution
		SolutionGuid = {BA2A8C01-5E51-4556-8942-479C527F3085}
	EndGlobalSection
EndGlobal
